
Microsoft Visual Studio Solution File, Format Version 12.00
# Visual Studio Version 16
VisualStudioVersion = 16.0.31424.327
MinimumVisualStudioVersion = 10.0.40219.1
Project("{9A19103F-16F7-4668-BE54-9A1E7A4F7556}") = "JG_Infra", "JG_Infra\JG_Infra.csproj", "{FC69251C-7BA6-4087-AF6F-F651F32D3B51}"
EndProject
Project("{9A19103F-16F7-4668-BE54-9A1E7A4F7556}") = "JG_Domain", "JG_Domain\JG_Domain.csproj", "{D021AD73-AA0C-492C-B069-14642221B3B2}"
EndProject
Project("{9A19103F-16F7-4668-BE54-9A1E7A4F7556}") = "JG_API", "JG_API\JG_API.csproj", "{93940935-6B12-4836-AB0F-2DC4496F766F}"
EndProject
Project("{FAE04EC0-301F-11D3-BF4B-00C04F79EFBC}") = "JG_Application", "JG_Application\JG_Application.csproj", "{E428C89D-19DA-4383-9349-2CE414DEE1D1}"
EndProject
Global
	GlobalSection(SolutionConfigurationPlatforms) = preSolution
		Debug|Any CPU = Debug|Any CPU
		Release|Any CPU = Release|Any CPU
	EndGlobalSection
	GlobalSection(ProjectConfigurationPlatforms) = postSolution
		{FC69251C-7BA6-4087-AF6F-F651F32D3B51}.Debug|Any CPU.ActiveCfg = Debug|Any CPU
		{FC69251C-7BA6-4087-AF6F-F651F32D3B51}.Debug|Any CPU.Build.0 = Debug|Any CPU
		{FC69251C-7BA6-4087-AF6F-F651F32D3B51}.Release|Any CPU.ActiveCfg = Release|Any CPU
		{FC69251C-7BA6-4087-AF6F-F651F32D3B51}.Release|Any CPU.Build.0 = Release|Any CPU
		{D021AD73-AA0C-492C-B069-14642221B3B2}.Debug|Any CPU.ActiveCfg = Debug|Any CPU
		{D021AD73-AA0C-492C-B069-14642221B3B2}.Debug|Any CPU.Build.0 = Debug|Any CPU
		{D021AD73-AA0C-492C-B069-14642221B3B2}.Release|Any CPU.ActiveCfg = Release|Any CPU
		{D021AD73-AA0C-492C-B069-14642221B3B2}.Release|Any CPU.Build.0 = Release|Any CPU
		{93940935-6B12-4836-AB0F-2DC4496F766F}.Debug|Any CPU.ActiveCfg = Debug|Any CPU
		{93940935-6B12-4836-AB0F-2DC4496F766F}.Debug|Any CPU.Build.0 = Debug|Any CPU
		{93940935-6B12-4836-AB0F-2DC4496F766F}.Release|Any CPU.ActiveCfg = Release|Any CPU
		{93940935-6B12-4836-AB0F-2DC4496F766F}.Release|Any CPU.Build.0 = Release|Any CPU
		{E428C89D-19DA-4383-9349-2CE414DEE1D1}.Debug|Any CPU.ActiveCfg = Debug|Any CPU
		{E428C89D-19DA-4383-9349-2CE414DEE1D1}.Debug|Any CPU.Build.0 = Debug|Any CPU
		{E428C89D-19DA-4383-9349-2CE414DEE1D1}.Release|Any CPU.ActiveCfg = Release|Any CPU
		{E428C89D-19DA-4383-9349-2CE414DEE1D1}.Release|Any CPU.Build.0 = Release|Any CPU
	EndGlobalSection
	GlobalSection(SolutionProperties) = preSolution
		HideSolutionNode = FALSE
	EndGlobalSection
	GlobalSection(ExtensibilityGlobals) = postSolution
		SolutionGuid = {03F9D785-83D1-4630-91BD-863BD4756355}
	EndGlobalSection
EndGlobal
